
Microsoft Visual Studio Solution File, Format Version 11.00
# Visual Studio 2010
Project("{FAE04EC0-301F-11D3-BF4B-00C04F79EFBC}") = "MagicSquareTester", "MagicSquareTester\MagicSquareTester.csproj", "{4BCC102D-5C68-4562-9B82-CE46C407C947}"
EndProject
Project("{FAE04EC0-301F-11D3-BF4B-00C04F79EFBC}") = "MagicSquareTesterTester", "MagicSquareTesterTester\MagicSquareTesterTester.csproj", "{6904FDD5-C1AE-471F-A4BB-0F486FA44AC9}"
EndProject
Global
	GlobalSection(SolutionConfigurationPlatforms) = preSolution
		Debug|x86 = Debug|x86
		Release|x86 = Release|x86
	EndGlobalSection
	GlobalSection(ProjectConfigurationPlatforms) = postSolution
		{4BCC102D-5C68-4562-9B82-CE46C407C947}.Debug|x86.ActiveCfg = Debug|x86
		{4BCC102D-5C68-4562-9B82-CE46C407C947}.Debug|x86.Build.0 = Debug|x86
		{4BCC102D-5C68-4562-9B82-CE46C407C947}.Release|x86.ActiveCfg = Release|x86
		{4BCC102D-5C68-4562-9B82-CE46C407C947}.Release|x86.Build.0 = Release|x86
		{6904FDD5-C1AE-471F-A4BB-0F486FA44AC9}.Debug|x86.ActiveCfg = Debug|x86
		{6904FDD5-C1AE-471F-A4BB-0F486FA44AC9}.Debug|x86.Build.0 = Debug|x86
		{6904FDD5-C1AE-471F-A4BB-0F486FA44AC9}.Release|x86.ActiveCfg = Release|x86
		{6904FDD5-C1AE-471F-A4BB-0F486FA44AC9}.Release|x86.Build.0 = Release|x86
	EndGlobalSection
	GlobalSection(SolutionProperties) = preSolution
		HideSolutionNode = FALSE
	EndGlobalSection
EndGlobal
